{
  "lockfileVersion": 1,
  "configVersion": 1,
  "workspaces": {
    "": {
      "name": "@asymmetric-effort/steamroller",
      "devDependencies": {
        "@asymmetric-effort/nogginlessdom": "0.0.26",
        "@types/node": "^26.0.0",
        "prettier": "^3.8.4",
        "typescript": "^5.8.0",
      },
    },
  },
  "packages": {
    "@asymmetric-effort/nogginlessdom": ["@asymmetric-effort/nogginlessdom@0.0.26", "", {}, "sha512-aAOTe93bNDyQ1mXdLHs1xpijMSit9DUhsNSG84ermQaMxverK5/hic1AfX3PvZxLyLiBUURODv57KOEeQ3fbkw=="],

    "@types/node": ["@types/node@26.0.1", "", { "dependencies": { "undici-types": "~8.3.0" } }, "sha512-fc3KiUoBt6kie0N9bIW3E47vZsuaMf0PM2AaUpLCLT0s/LvX1nxAim6Fc049cNxODPpGm6qRAuUOB86SkRuPQw=="],

    "prettier": ["prettier@3.8.5", "", { "bin": { "prettier": "bin/prettier.cjs" } }, "sha512-zxcTTCedNGJM4R8sj/Cq/F0W/c4iE0afWBcBwMTRtw4WHYP9TWkYjdiH3npPRUYsXQCPR0hTU9yjovOu+E6EQA=="],

    "typescript": ["typescript@5.9.3", "", { "bin": { "tsc": "bin/tsc", "tsserver": "bin/tsserver" } }, "sha512-jl1vZzPDinLr9eUt3J/t7V6FgNEw9QjvBPdysz9KfQDD41fQrC2Y4vKQdiaUpFT4bXlb1RHhLpp8wtm6M5TgSw=="],

    "undici-types": ["undici-types@8.3.0", "", {}, "sha512-j375ScV60dom+YkPFIfTLcOiPxkN/buHz5GobjLhixFuANaNs3C9l4GmrWqejgXWJ7BbJcFYpTEUkS1Ge8bpZQ=="],
  }
}
