{
  "name": "steamroller",
  "version": "0.2.4",
  "lockfileVersion": 3,
  "requires": true,
  "packages": {
    "": {
      "name": "steamroller",
      "version": "0.2.4",
      "license": "MIT",
      "bin": {
        "steamroller": "dist/cli/main.js"
      },
      "devDependencies": {
        "@asymmetric-effort/nogginlessdom": "0.0.26",
        "@types/node": "^26.0.0",
        "prettier": "^3.8.4",
        "typescript": "^5.8.0"
      },
      "engines": {
        "node": ">=20"
      }
    },
    "node_modules/@asymmetric-effort/nogginlessdom": {
      "version": "0.0.26",
      "resolved": "https://registry.npmjs.org/@asymmetric-effort/nogginlessdom/-/nogginlessdom-0.0.26.tgz",
      "integrity": "sha512-aAOTe93bNDyQ1mXdLHs1xpijMSit9DUhsNSG84ermQaMxverK5/hic1AfX3PvZxLyLiBUURODv57KOEeQ3fbkw==",
      "dev": true,
      "license": "MIT",
      "engines": {
        "node": ">=20.0.0"
      }
    },
    "node_modules/@types/node": {
      "version": "26.0.0",
      "resolved": "https://registry.npmjs.org/@types/node/-/node-26.0.0.tgz",
      "integrity": "sha512-vf2YFi1iY9lHGwNJMs01biZFbKJkrZR1T6/MlzjhJLPdntOHLhTrDSnSVcdtvjihi4VQNlrFRIxLsDBlQpAipA==",
      "dev": true,
      "license": "MIT",
      "dependencies": {
        "undici-types": "~8.3.0"
      }
    },
    "node_modules/prettier": {
      "version": "3.9.1",
      "resolved": "https://registry.npmjs.org/prettier/-/prettier-3.9.1.tgz",
      "integrity": "sha512-ppiDo2CSwexck1eyZUwJHg/N3nf1+6IRCv7W/VJ5vaLnVCmB7+3CdRfMwoCHBBX6xTrREDTksZ4OZl5SSf4zXA==",
      "dev": true,
      "license": "MIT",
      "bin": {
        "prettier": "bin/prettier.cjs"
      },
      "engines": {
        "node": ">=14"
      },
      "funding": {
        "url": "https://github.com/prettier/prettier?sponsor=1"
      }
    },
    "node_modules/typescript": {
      "version": "5.9.3",
      "resolved": "https://registry.npmjs.org/typescript/-/typescript-5.9.3.tgz",
      "integrity": "sha512-jl1vZzPDinLr9eUt3J/t7V6FgNEw9QjvBPdysz9KfQDD41fQrC2Y4vKQdiaUpFT4bXlb1RHhLpp8wtm6M5TgSw==",
      "dev": true,
      "bin": {
        "tsc": "bin/tsc",
        "tsserver": "bin/tsserver"
      },
      "engines": {
        "node": ">=14.17"
      }
    },
    "node_modules/undici-types": {
      "version": "8.3.0",
      "resolved": "https://registry.npmjs.org/undici-types/-/undici-types-8.3.0.tgz",
      "integrity": "sha512-j375ScV60dom+YkPFIfTLcOiPxkN/buHz5GobjLhixFuANaNs3C9l4GmrWqejgXWJ7BbJcFYpTEUkS1Ge8bpZQ==",
      "dev": true,
      "license": "MIT"
    }
  }
}
