{
  "name": "steamroller",
  "version": "0.2.9",
  "lockfileVersion": 3,
  "requires": true,
  "packages": {
    "": {
      "name": "steamroller",
      "version": "0.2.9",
      "license": "MIT",
      "bin": {
        "steamroller": "dist/cli/main.js"
      },
      "devDependencies": {
        "@asymmetric-effort/nogginlessdom": "0.0.28",
        "@types/node": "^26.1.0",
        "prettier": "^3.9.6",
        "typescript": "^5.9.3"
      },
      "engines": {
        "node": ">=24"
      }
    },
    "node_modules/@asymmetric-effort/nogginlessdom": {
      "version": "0.0.28",
      "resolved": "https://registry.npmjs.org/@asymmetric-effort/nogginlessdom/-/nogginlessdom-0.0.28.tgz",
      "integrity": "sha512-1SOP09xiE63dNpdBeQ+3h+UWb9LoEfQU7o3mXnVKRmN3qHhaeTuMfg7QqD7spBneTRl988n6AdF2jICGjitw2w==",
      "dev": true,
      "license": "MIT",
      "engines": {
        "node": ">=20.0.0"
      }
    },
    "node_modules/@types/node": {
      "version": "26.4.0",
      "resolved": "https://registry.npmjs.org/@types/node/-/node-26.4.0.tgz",
      "integrity": "sha512-faiGnoIrLH/V8cibOMEAZ8pMw6oXqSukl29ra4mN8GdaB2ZewzeaLj+INpV5N+Z1eKWzY+IzaIZH2EIR6YZRNQ==",
      "dev": true,
      "license": "MIT",
      "dependencies": {
        "undici-types": "~8.3.0"
      }
    },
    "node_modules/prettier": {
      "version": "3.9.8",
      "resolved": "https://registry.npmjs.org/prettier/-/prettier-3.9.8.tgz",
      "integrity": "sha512-WRFq3Wn3WId7LLROfMLdH7xaFr2jR62wU8nLO6rQUOLOxNZUviyJQs1M0iIhLexSFy+L+w0ch66wtoO2jRjG0A==",
      "dev": true,
      "license": "MIT",
      "bin": {
        "prettier": "bin/prettier.cjs"
      },
      "engines": {
        "node": ">=14"
      },
      "funding": {
        "url": "https://github.com/prettier/prettier?sponsor=1"
      }
    },
    "node_modules/typescript": {
      "version": "5.9.3",
      "resolved": "https://registry.npmjs.org/typescript/-/typescript-5.9.3.tgz",
      "integrity": "sha512-jl1vZzPDinLr9eUt3J/t7V6FgNEw9QjvBPdysz9KfQDD41fQrC2Y4vKQdiaUpFT4bXlb1RHhLpp8wtm6M5TgSw==",
      "dev": true,
      "bin": {
        "tsc": "bin/tsc",
        "tsserver": "bin/tsserver"
      },
      "engines": {
        "node": ">=14.17"
      }
    },
    "node_modules/undici-types": {
      "version": "8.3.0",
      "resolved": "https://registry.npmjs.org/undici-types/-/undici-types-8.3.0.tgz",
      "integrity": "sha512-j375ScV60dom+YkPFIfTLcOiPxkN/buHz5GobjLhixFuANaNs3C9l4GmrWqejgXWJ7BbJcFYpTEUkS1Ge8bpZQ==",
      "dev": true,
      "license": "MIT"
    }
  }
}
